// !$*UTF8*$!
{
	archiveVersion = 1;
	classes = {
	};
	objectVersion = 54;
	objects = {

/* Begin PBXBuildFile section */
		0C80B921A6F3F58F76C31292 /* libPods-MemberBaseApp.a in Frameworks */ = {isa = PBXBuildFile; fileRef = 5DCACB8F33CDC322A6C60F78 /* libPods-MemberBaseApp.a */; };
		13B07FBF1A68108700A75B9A /* Images.xcassets in Resources */ = {isa = PBXBuildFile; fileRef = 13B07FB51A68108700A75B9A /* Images.xcassets */; };
		1BEBA55EC61C47D1B7904A13 /* MonaSans-ExtraBoldItalic.ttf in Resources */ = {isa = PBXBuildFile; fileRef = 215FC220CB9F49F7862F9E9F /* MonaSans-ExtraBoldItalic.ttf */; };
		1E30C51C7E764DD7A63D6057 /* MonaSans-Light.ttf in Resources */ = {isa = PBXBuildFile; fileRef = 2012B94E9299437E80542C16 /* MonaSans-Light.ttf */; };
		1EBE214C377C44D584E9E5B8 /* MonaSans-BlackItalic.ttf in Resources */ = {isa = PBXBuildFile; fileRef = D37A25319BD745D49456A4A6 /* MonaSans-BlackItalic.ttf */; };
		2664B3C3EDE84F988FEBF561 /* MonaSans-MediumItalic.ttf in Resources */ = {isa = PBXBuildFile; fileRef = D177049DC3484A9F8B371E76 /* MonaSans-MediumItalic.ttf */; };
		409DC4C92DD74E87BFF1AD9C /* README.md in Resources */ = {isa = PBXBuildFile; fileRef = 5977D438025A4E5C9DECB755 /* README.md */; };
		4407B3E528CF41B7BB4DAD02 /* .gitkeep in Resources */ = {isa = PBXBuildFile; fileRef = 15123788A5A04615A8A9C21F /* .gitkeep */; };
		4F964F0095104A3894A3F73A /* MonaSans-Medium.ttf in Resources */ = {isa = PBXBuildFile; fileRef = 9301BCE3F133495CBE59E7FE /* MonaSans-Medium.ttf */; };
		502EDCB079644258B3110252 /* MonaSans-SemiBold.ttf in Resources */ = {isa = PBXBuildFile; fileRef = 6F78D99644C54237B8330EAF /* MonaSans-SemiBold.ttf */; };
		50A255CF4F6F4A1BABF235EA /* MonaSans-BoldItalic.ttf in Resources */ = {isa = PBXBuildFile; fileRef = 05DCDA36F9124302BF0E68FC /* MonaSans-BoldItalic.ttf */; };
		628E5FF1B7F34261AA53FC84 /* MonaSans-ExtraBold.ttf in Resources */ = {isa = PBXBuildFile; fileRef = B33F103C52F04F41A2F11823 /* MonaSans-ExtraBold.ttf */; };
		6692CA7337EF42E985D53785 /* MonaSans-ExtraLightItalic.ttf in Resources */ = {isa = PBXBuildFile; fileRef = 1A01065197754D0893B7AB88 /* MonaSans-ExtraLightItalic.ttf */; };
		6EC188CFE3614118ACE4AB67 /* MonaSans-Black.ttf in Resources */ = {isa = PBXBuildFile; fileRef = 60DFD519B50C492084F35AA5 /* MonaSans-Black.ttf */; };
		7250013FA26945DA97CAF718 /* MonaSans-SemiBoldItalic.ttf in Resources */ = {isa = PBXBuildFile; fileRef = 1DD79ECD8D014A09AC14F21E /* MonaSans-SemiBoldItalic.ttf */; };
		761780ED2CA45674006654EE /* AppDelegate.swift in Sources */ = {isa = PBXBuildFile; fileRef = 761780EC2CA45674006654EE /* AppDelegate.swift */; };
		7923F45E88B64177A6619234 /* MonaSans-Bold.ttf in Resources */ = {isa = PBXBuildFile; fileRef = 2B7B06AA6599492BB71BFB41 /* MonaSans-Bold.ttf */; };
		81AB9BB82411601600AC10FF /* LaunchScreen.storyboard in Resources */ = {isa = PBXBuildFile; fileRef = 81AB9BB72411601600AC10FF /* LaunchScreen.storyboard */; };
		843175BC905143F999BC3EFA /* MonaSans-Regular.ttf in Resources */ = {isa = PBXBuildFile; fileRef = CAC2CF82BBF74A968C210E0D /* MonaSans-Regular.ttf */; };
		85C2E4ADF3DA4DC680CEDF48 /* MonaSans-Italic.ttf in Resources */ = {isa = PBXBuildFile; fileRef = 210E6CAAACDE45B19AE5AD9F /* MonaSans-Italic.ttf */; };
		865858287E3A487B8368BDEF /* MonaSans-ExtraLight.ttf in Resources */ = {isa = PBXBuildFile; fileRef = A6E9287B487B410ABE6BBF19 /* MonaSans-ExtraLight.ttf */; };
		E952D3E25FDF2D660C5CDC40 /* PrivacyInfo.xcprivacy in Resources */ = {isa = PBXBuildFile; fileRef = 13B07FB81A68108700A75B9A /* PrivacyInfo.xcprivacy */; };
		F19A59DEF9F6471D890A7203 /* MonaSans-LightItalic.ttf in Resources */ = {isa = PBXBuildFile; fileRef = FAB3E5E21B2243A093D543E6 /* MonaSans-LightItalic.ttf */; };
/* End PBXBuildFile section */

/* Begin PBXFileReference section */
		05DCDA36F9124302BF0E68FC /* MonaSans-BoldItalic.ttf */ = {isa = PBXFileReference; explicitFileType = undefined; fileEncoding = undefined; includeInIndex = 0; lastKnownFileType = unknown; name = "MonaSans-BoldItalic.ttf"; path = "../assets/fonts/MonaSans-BoldItalic.ttf"; sourceTree = "<group>"; };
		13B07F961A680F5B00A75B9A /* MemberBaseApp.app */ = {isa = PBXFileReference; explicitFileType = wrapper.application; includeInIndex = 0; path = MemberBaseApp.app; sourceTree = BUILT_PRODUCTS_DIR; };
		13B07FB51A68108700A75B9A /* Images.xcassets */ = {isa = PBXFileReference; lastKnownFileType = folder.assetcatalog; name = Images.xcassets; path = MemberBaseApp/Images.xcassets; sourceTree = "<group>"; };
		13B07FB61A68108700A75B9A /* Info.plist */ = {isa = PBXFileReference; fileEncoding = 4; lastKnownFileType = text.plist.xml; name = Info.plist; path = MemberBaseApp/Info.plist; sourceTree = "<group>"; };
		13B07FB81A68108700A75B9A /* PrivacyInfo.xcprivacy */ = {isa = PBXFileReference; fileEncoding = 4; lastKnownFileType = text.plist.xml; name = PrivacyInfo.xcprivacy; path = MemberBaseApp/PrivacyInfo.xcprivacy; sourceTree = "<group>"; };
		15123788A5A04615A8A9C21F /* .gitkeep */ = {isa = PBXFileReference; explicitFileType = undefined; fileEncoding = undefined; includeInIndex = 0; lastKnownFileType = unknown; name = .gitkeep; path = ../assets/fonts/.gitkeep; sourceTree = "<group>"; };
		1A01065197754D0893B7AB88 /* MonaSans-ExtraLightItalic.ttf */ = {isa = PBXFileReference; explicitFileType = undefined; fileEncoding = undefined; includeInIndex = 0; lastKnownFileType = unknown; name = "MonaSans-ExtraLightItalic.ttf"; path = "../assets/fonts/MonaSans-ExtraLightItalic.ttf"; sourceTree = "<group>"; };
		1DD79ECD8D014A09AC14F21E /* MonaSans-SemiBoldItalic.ttf */ = {isa = PBXFileReference; explicitFileType = undefined; fileEncoding = undefined; includeInIndex = 0; lastKnownFileType = unknown; name = "MonaSans-SemiBoldItalic.ttf"; path = "../assets/fonts/MonaSans-SemiBoldItalic.ttf"; sourceTree = "<group>"; };
		2012B94E9299437E80542C16 /* MonaSans-Light.ttf */ = {isa = PBXFileReference; explicitFileType = undefined; fileEncoding = undefined; includeInIndex = 0; lastKnownFileType = unknown; name = "MonaSans-Light.ttf"; path = "../assets/fonts/MonaSans-Light.ttf"; sourceTree = "<group>"; };
		210E6CAAACDE45B19AE5AD9F /* MonaSans-Italic.ttf */ = {isa = PBXFileReference; explicitFileType = undefined; fileEncoding = undefined; includeInIndex = 0; lastKnownFileType = unknown; name = "MonaSans-Italic.ttf"; path = "../assets/fonts/MonaSans-Italic.ttf"; sourceTree = "<group>"; };
		215FC220CB9F49F7862F9E9F /* MonaSans-ExtraBoldItalic.ttf */ = {isa = PBXFileReference; explicitFileType = undefined; fileEncoding = undefined; includeInIndex = 0; lastKnownFileType = unknown; name = "MonaSans-ExtraBoldItalic.ttf"; path = "../assets/fonts/MonaSans-ExtraBoldItalic.ttf"; sourceTree = "<group>"; };
		2B7B06AA6599492BB71BFB41 /* MonaSans-Bold.ttf */ = {isa = PBXFileReference; explicitFileType = undefined; fileEncoding = undefined; includeInIndex = 0; lastKnownFileType = unknown; name = "MonaSans-Bold.ttf"; path = "../assets/fonts/MonaSans-Bold.ttf"; sourceTree = "<group>"; };
		3B4392A12AC88292D35C810B /* Pods-MemberBaseApp.debug.xcconfig */ = {isa = PBXFileReference; includeInIndex = 1; lastKnownFileType = text.xcconfig; name = "Pods-MemberBaseApp.debug.xcconfig"; path = "Target Support Files/Pods-MemberBaseApp/Pods-MemberBaseApp.debug.xcconfig"; sourceTree = "<group>"; };
		5709B34CF0A7D63546082F79 /* Pods-MemberBaseApp.release.xcconfig */ = {isa = PBXFileReference; includeInIndex = 1; lastKnownFileType = text.xcconfig; name = "Pods-MemberBaseApp.release.xcconfig"; path = "Target Support Files/Pods-MemberBaseApp/Pods-MemberBaseApp.release.xcconfig"; sourceTree = "<group>"; };
		5977D438025A4E5C9DECB755 /* README.md */ = {isa = PBXFileReference; explicitFileType = undefined; fileEncoding = undefined; includeInIndex = 0; lastKnownFileType = unknown; name = README.md; path = ../assets/fonts/README.md; sourceTree = "<group>"; };
		5DCACB8F33CDC322A6C60F78 /* libPods-MemberBaseApp.a */ = {isa = PBXFileReference; explicitFileType = archive.ar; includeInIndex = 0; path = "libPods-MemberBaseApp.a"; sourceTree = BUILT_PRODUCTS_DIR; };
		60DFD519B50C492084F35AA5 /* MonaSans-Black.ttf */ = {isa = PBXFileReference; explicitFileType = undefined; fileEncoding = undefined; includeInIndex = 0; lastKnownFileType = unknown; name = "MonaSans-Black.ttf"; path = "../assets/fonts/MonaSans-Black.ttf"; sourceTree = "<group>"; };
		6F78D99644C54237B8330EAF /* MonaSans-SemiBold.ttf */ = {isa = PBXFileReference; explicitFileType = undefined; fileEncoding = undefined; includeInIndex = 0; lastKnownFileType = unknown; name = "MonaSans-SemiBold.ttf"; path = "../assets/fonts/MonaSans-SemiBold.ttf"; sourceTree = "<group>"; };
		761780EC2CA45674006654EE /* AppDelegate.swift */ = {isa = PBXFileReference; lastKnownFileType = sourcecode.swift; name = AppDelegate.swift; path = MemberBaseApp/AppDelegate.swift; sourceTree = "<group>"; };
		81AB9BB72411601600AC10FF /* LaunchScreen.storyboard */ = {isa = PBXFileReference; fileEncoding = 4; lastKnownFileType = file.storyboard; name = LaunchScreen.storyboard; path = MemberBaseApp/LaunchScreen.storyboard; sourceTree = "<group>"; };
		9301BCE3F133495CBE59E7FE /* MonaSans-Medium.ttf */ = {isa = PBXFileReference; explicitFileType = undefined; fileEncoding = undefined; includeInIndex = 0; lastKnownFileType = unknown; name = "MonaSans-Medium.ttf"; path = "../assets/fonts/MonaSans-Medium.ttf"; sourceTree = "<group>"; };
		A6E9287B487B410ABE6BBF19 /* MonaSans-ExtraLight.ttf */ = {isa = PBXFileReference; explicitFileType = undefined; fileEncoding = undefined; includeInIndex = 0; lastKnownFileType = unknown; name = "MonaSans-ExtraLight.ttf"; path = "../assets/fonts/MonaSans-ExtraLight.ttf"; sourceTree = "<group>"; };
		B33F103C52F04F41A2F11823 /* MonaSans-ExtraBold.ttf */ = {isa = PBXFileReference; explicitFileType = undefined; fileEncoding = undefined; includeInIndex = 0; lastKnownFileType = unknown; name = "MonaSans-ExtraBold.ttf"; path = "../assets/fonts/MonaSans-ExtraBold.ttf"; sourceTree = "<group>"; };
		CAC2CF82BBF74A968C210E0D /* MonaSans-Regular.ttf */ = {isa = PBXFileReference; explicitFileType = undefined; fileEncoding = undefined; includeInIndex = 0; lastKnownFileType = unknown; name = "MonaSans-Regular.ttf"; path = "../assets/fonts/MonaSans-Regular.ttf"; sourceTree = "<group>"; };
		D177049DC3484A9F8B371E76 /* MonaSans-MediumItalic.ttf */ = {isa = PBXFileReference; explicitFileType = undefined; fileEncoding = undefined; includeInIndex = 0; lastKnownFileType = unknown; name = "MonaSans-MediumItalic.ttf"; path = "../assets/fonts/MonaSans-MediumItalic.ttf"; sourceTree = "<group>"; };
		D37A25319BD745D49456A4A6 /* MonaSans-BlackItalic.ttf */ = {isa = PBXFileReference; explicitFileType = undefined; fileEncoding = undefined; includeInIndex = 0; lastKnownFileType = unknown; name = "MonaSans-BlackItalic.ttf"; path = "../assets/fonts/MonaSans-BlackItalic.ttf"; sourceTree = "<group>"; };
		ED297162215061F000B7C4FE /* JavaScriptCore.framework */ = {isa = PBXFileReference; lastKnownFileType = wrapper.framework; name = JavaScriptCore.framework; path = System/Library/Frameworks/JavaScriptCore.framework; sourceTree = SDKROOT; };
		FAB3E5E21B2243A093D543E6 /* MonaSans-LightItalic.ttf */ = {isa = PBXFileReference; explicitFileType = undefined; fileEncoding = undefined; includeInIndex = 0; lastKnownFileType = unknown; name = "MonaSans-LightItalic.ttf"; path = "../assets/fonts/MonaSans-LightItalic.ttf"; sourceTree = "<group>"; };
/* End PBXFileReference section */

/* Begin PBXFrameworksBuildPhase section */
		13B07F8C1A680F5B00A75B9A /* Frameworks */ = {
			isa = PBXFrameworksBuildPhase;
			buildActionMask = 2147483647;
			files = (
				0C80B921A6F3F58F76C31292 /* libPods-MemberBaseApp.a in Frameworks */,
			);
			runOnlyForDeploymentPostprocessing = 0;
		};
/* End PBXFrameworksBuildPhase section */

/* Begin PBXGroup section */
		13B07FAE1A68108700A75B9A /* MemberBaseApp */ = {
			isa = PBXGroup;
			children = (
				13B07FB51A68108700A75B9A /* Images.xcassets */,
				761780EC2CA45674006654EE /* AppDelegate.swift */,
				13B07FB61A68108700A75B9A /* Info.plist */,
				81AB9BB72411601600AC10FF /* LaunchScreen.storyboard */,
				13B07FB81A68108700A75B9A /* PrivacyInfo.xcprivacy */,
			);
			name = MemberBaseApp;
			sourceTree = "<group>";
		};
		2D16E6871FA4F8E400B85C8A /* Frameworks */ = {
			isa = PBXGroup;
			children = (
				ED297162215061F000B7C4FE /* JavaScriptCore.framework */,
				5DCACB8F33CDC322A6C60F78 /* libPods-MemberBaseApp.a */,
			);
			name = Frameworks;
			sourceTree = "<group>";
		};
		832341AE1AAA6A7D00B99B32 /* Libraries */ = {
			isa = PBXGroup;
			children = (
			);
			name = Libraries;
			sourceTree = "<group>";
		};
		83CBB9F61A601CBA00E9B192 = {
			isa = PBXGroup;
			children = (
				13B07FAE1A68108700A75B9A /* MemberBaseApp */,
				832341AE1AAA6A7D00B99B32 /* Libraries */,
				83CBBA001A601CBA00E9B192 /* Products */,
				2D16E6871FA4F8E400B85C8A /* Frameworks */,
				BBD78D7AC51CEA395F1C20DB /* Pods */,
				A26A8F233F2D43F39DF143D4 /* Resources */,
			);
			indentWidth = 2;
			sourceTree = "<group>";
			tabWidth = 2;
			usesTabs = 0;
		};
		83CBBA001A601CBA00E9B192 /* Products */ = {
			isa = PBXGroup;
			children = (
				13B07F961A680F5B00A75B9A /* MemberBaseApp.app */,
			);
			name = Products;
			sourceTree = "<group>";
		};
		A26A8F233F2D43F39DF143D4 /* Resources */ = {
			isa = PBXGroup;
			children = (
				60DFD519B50C492084F35AA5 /* MonaSans-Black.ttf */,
				D37A25319BD745D49456A4A6 /* MonaSans-BlackItalic.ttf */,
				2B7B06AA6599492BB71BFB41 /* MonaSans-Bold.ttf */,
				05DCDA36F9124302BF0E68FC /* MonaSans-BoldItalic.ttf */,
				B33F103C52F04F41A2F11823 /* MonaSans-ExtraBold.ttf */,
				215FC220CB9F49F7862F9E9F /* MonaSans-ExtraBoldItalic.ttf */,
				A6E9287B487B410ABE6BBF19 /* MonaSans-ExtraLight.ttf */,
				1A01065197754D0893B7AB88 /* MonaSans-ExtraLightItalic.ttf */,
				210E6CAAACDE45B19AE5AD9F /* MonaSans-Italic.ttf */,
				2012B94E9299437E80542C16 /* MonaSans-Light.ttf */,
				FAB3E5E21B2243A093D543E6 /* MonaSans-LightItalic.ttf */,
				9301BCE3F133495CBE59E7FE /* MonaSans-Medium.ttf */,
				D177049DC3484A9F8B371E76 /* MonaSans-MediumItalic.ttf */,
				CAC2CF82BBF74A968C210E0D /* MonaSans-Regular.ttf */,
				6F78D99644C54237B8330EAF /* MonaSans-SemiBold.ttf */,
				1DD79ECD8D014A09AC14F21E /* MonaSans-SemiBoldItalic.ttf */,
				15123788A5A04615A8A9C21F /* .gitkeep */,
				5977D438025A4E5C9DECB755 /* README.md */,
			);
			name = Resources;
			path = "";
			sourceTree = "<group>";
		};
		BBD78D7AC51CEA395F1C20DB /* Pods */ = {
			isa = PBXGroup;
			children = (
				3B4392A12AC88292D35C810B /* Pods-MemberBaseApp.debug.xcconfig */,
				5709B34CF0A7D63546082F79 /* Pods-MemberBaseApp.release.xcconfig */,
			);
			path = Pods;
			sourceTree = "<group>";
		};
/* End PBXGroup section */

/* Begin PBXNativeTarget section */
		13B07F861A680F5B00A75B9A /* MemberBaseApp */ = {
			isa = PBXNativeTarget;
			buildConfigurationList = 13B07F931A680F5B00A75B9A /* Build configuration list for PBXNativeTarget "MemberBaseApp" */;
			buildPhases = (
				C38B50BA6285516D6DCD4F65 /* [CP] Check Pods Manifest.lock */,
				13B07F871A680F5B00A75B9A /* Sources */,
				13B07F8C1A680F5B00A75B9A /* Frameworks */,
				13B07F8E1A680F5B00A75B9A /* Resources */,
				00DD1BFF1BD5951E006B06BC /* Bundle React Native code and images */,
				00EEFC60759A1932668264C0 /* [CP] Embed Pods Frameworks */,
				E235C05ADACE081382539298 /* [CP] Copy Pods Resources */,
			);
			buildRules = (
			);
			dependencies = (
			);
			name = MemberBaseApp;
			productName = MemberBaseApp;
			productReference = 13B07F961A680F5B00A75B9A /* MemberBaseApp.app */;
			productType = "com.apple.product-type.application";
		};
/* End PBXNativeTarget section */

/* Begin PBXProject section */
		83CBB9F71A601CBA00E9B192 /* Project object */ = {
			isa = PBXProject;
			attributes = {
				LastUpgradeCheck = 1210;
				TargetAttributes = {
					13B07F861A680F5B00A75B9A = {
						LastSwiftMigration = 1120;
					};
				};
			};
			buildConfigurationList = 83CBB9FA1A601CBA00E9B192 /* Build configuration list for PBXProject "memberBaseApp" */;
			compatibilityVersion = "Xcode 12.0";
			developmentRegion = en;
			hasScannedForEncodings = 0;
			knownRegions = (
				en,
				Base,
			);
			mainGroup = 83CBB9F61A601CBA00E9B192;
			productRefGroup = 83CBBA001A601CBA00E9B192 /* Products */;
			projectDirPath = "";
			projectRoot = "";
			targets = (
				13B07F861A680F5B00A75B9A /* MemberBaseApp */,
			);
		};
/* End PBXProject section */

/* Begin PBXResourcesBuildPhase section */
		13B07F8E1A680F5B00A75B9A /* Resources */ = {
			isa = PBXResourcesBuildPhase;
			buildActionMask = 2147483647;
			files = (
				81AB9BB82411601600AC10FF /* LaunchScreen.storyboard in Resources */,
				13B07FBF1A68108700A75B9A /* Images.xcassets in Resources */,
				6EC188CFE3614118ACE4AB67 /* MonaSans-Black.ttf in Resources */,
				1EBE214C377C44D584E9E5B8 /* MonaSans-BlackItalic.ttf in Resources */,
				7923F45E88B64177A6619234 /* MonaSans-Bold.ttf in Resources */,
				50A255CF4F6F4A1BABF235EA /* MonaSans-BoldItalic.ttf in Resources */,
				628E5FF1B7F34261AA53FC84 /* MonaSans-ExtraBold.ttf in Resources */,
				1BEBA55EC61C47D1B7904A13 /* MonaSans-ExtraBoldItalic.ttf in Resources */,
				865858287E3A487B8368BDEF /* MonaSans-ExtraLight.ttf in Resources */,
				6692CA7337EF42E985D53785 /* MonaSans-ExtraLightItalic.ttf in Resources */,
				85C2E4ADF3DA4DC680CEDF48 /* MonaSans-Italic.ttf in Resources */,
				1E30C51C7E764DD7A63D6057 /* MonaSans-Light.ttf in Resources */,
				F19A59DEF9F6471D890A7203 /* MonaSans-LightItalic.ttf in Resources */,
				4F964F0095104A3894A3F73A /* MonaSans-Medium.ttf in Resources */,
				2664B3C3EDE84F988FEBF561 /* MonaSans-MediumItalic.ttf in Resources */,
				843175BC905143F999BC3EFA /* MonaSans-Regular.ttf in Resources */,
				502EDCB079644258B3110252 /* MonaSans-SemiBold.ttf in Resources */,
				7250013FA26945DA97CAF718 /* MonaSans-SemiBoldItalic.ttf in Resources */,
				4407B3E528CF41B7BB4DAD02 /* .gitkeep in Resources */,
				409DC4C92DD74E87BFF1AD9C /* README.md in Resources */,
				E952D3E25FDF2D660C5CDC40 /* PrivacyInfo.xcprivacy in Resources */,
			);
			runOnlyForDeploymentPostprocessing = 0;
		};
/* End PBXResourcesBuildPhase section */

/* Begin PBXShellScriptBuildPhase section */
		00DD1BFF1BD5951E006B06BC /* Bundle React Native code and images */ = {
			isa = PBXShellScriptBuildPhase;
			buildActionMask = 2147483647;
			files = (
			);
			inputPaths = (
				"$(SRCROOT)/.xcode.env.local",
				"$(SRCROOT)/.xcode.env",
			);
			name = "Bundle React Native code and images";
			outputPaths = (
			);
			runOnlyForDeploymentPostprocessing = 0;
			shellPath = /bin/sh;
			shellScript = "set -e\n\nWITH_ENVIRONMENT=\"$REACT_NATIVE_PATH/scripts/xcode/with-environment.sh\"\nREACT_NATIVE_XCODE=\"$REACT_NATIVE_PATH/scripts/react-native-xcode.sh\"\n\n# Quote paths so '&' in path (e.g. member-app&web) is not interpreted by shell\n/bin/sh -c \"\\\"$WITH_ENVIRONMENT\\\" \\\"$REACT_NATIVE_XCODE\\\"\"\n";
		};
		00EEFC60759A1932668264C0 /* [CP] Embed Pods Frameworks */ = {
			isa = PBXShellScriptBuildPhase;
			buildActionMask = 2147483647;
			files = (
			);
			inputFileListPaths = (
				"${PODS_ROOT}/Target Support Files/Pods-MemberBaseApp/Pods-MemberBaseApp-frameworks-${CONFIGURATION}-input-files.xcfilelist",
			);
			name = "[CP] Embed Pods Frameworks";
			outputFileListPaths = (
				"${PODS_ROOT}/Target Support Files/Pods-MemberBaseApp/Pods-MemberBaseApp-frameworks-${CONFIGURATION}-output-files.xcfilelist",
			);
			runOnlyForDeploymentPostprocessing = 0;
			shellPath = /bin/sh;
			shellScript = "\"${PODS_ROOT}/Target Support Files/Pods-MemberBaseApp/Pods-MemberBaseApp-frameworks.sh\"\n";
			showEnvVarsInLog = 0;
		};
		C38B50BA6285516D6DCD4F65 /* [CP] Check Pods Manifest.lock */ = {
			isa = PBXShellScriptBuildPhase;
			buildActionMask = 2147483647;
			files = (
			);
			inputFileListPaths = (
			);
			inputPaths = (
				"${PODS_PODFILE_DIR_PATH}/Podfile.lock",
				"${PODS_ROOT}/Manifest.lock",
			);
			name = "[CP] Check Pods Manifest.lock";
			outputFileListPaths = (
			);
			outputPaths = (
				"$(DERIVED_FILE_DIR)/Pods-MemberBaseApp-checkManifestLockResult.txt",
			);
			runOnlyForDeploymentPostprocessing = 0;
			shellPath = /bin/sh;
			shellScript = "diff \"${PODS_PODFILE_DIR_PATH}/Podfile.lock\" \"${PODS_ROOT}/Manifest.lock\" > /dev/null\nif [ $? != 0 ] ; then\n    # print error to STDERR\n    echo \"error: The sandbox is not in sync with the Podfile.lock. Run 'pod install' or update your CocoaPods installation.\" >&2\n    exit 1\nfi\n# This output is used by Xcode 'outputs' to avoid re-running this script phase.\necho \"SUCCESS\" > \"${SCRIPT_OUTPUT_FILE_0}\"\n";
			showEnvVarsInLog = 0;
		};
		E235C05ADACE081382539298 /* [CP] Copy Pods Resources */ = {
			isa = PBXShellScriptBuildPhase;
			buildActionMask = 2147483647;
			files = (
			);
			inputFileListPaths = (
				"${PODS_ROOT}/Target Support Files/Pods-MemberBaseApp/Pods-MemberBaseApp-resources-${CONFIGURATION}-input-files.xcfilelist",
			);
			name = "[CP] Copy Pods Resources";
			outputFileListPaths = (
				"${PODS_ROOT}/Target Support Files/Pods-MemberBaseApp/Pods-MemberBaseApp-resources-${CONFIGURATION}-output-files.xcfilelist",
			);
			runOnlyForDeploymentPostprocessing = 0;
			shellPath = /bin/sh;
			shellScript = "\"${PODS_ROOT}/Target Support Files/Pods-MemberBaseApp/Pods-MemberBaseApp-resources.sh\"\n";
			showEnvVarsInLog = 0;
		};
/* End PBXShellScriptBuildPhase section */

/* Begin PBXSourcesBuildPhase section */
		13B07F871A680F5B00A75B9A /* Sources */ = {
			isa = PBXSourcesBuildPhase;
			buildActionMask = 2147483647;
			files = (
				761780ED2CA45674006654EE /* AppDelegate.swift in Sources */,
			);
			runOnlyForDeploymentPostprocessing = 0;
		};
/* End PBXSourcesBuildPhase section */

/* Begin XCBuildConfiguration section */
		13B07F941A680F5B00A75B9A /* Debug */ = {
			isa = XCBuildConfiguration;
			baseConfigurationReference = 3B4392A12AC88292D35C810B /* Pods-MemberBaseApp.debug.xcconfig */;
			buildSettings = {
				ASSETCATALOG_COMPILER_APPICON_NAME = AppIcon;
				CLANG_ENABLE_MODULES = YES;
				CURRENT_PROJECT_VERSION = 1;
				ENABLE_BITCODE = NO;
				INFOPLIST_FILE = MemberBaseApp/Info.plist;
				IPHONEOS_DEPLOYMENT_TARGET = 15.1;
				LD_RUNPATH_SEARCH_PATHS = (
					"$(inherited)",
					"@executable_path/Frameworks",
				);
				MARKETING_VERSION = 1.0;
				OTHER_LDFLAGS = (
					"$(inherited)",
					"-ObjC",
					"-lc++",
				);
				PRODUCT_BUNDLE_IDENTIFIER = com.closepay.member.base;
				PRODUCT_NAME = MemberBaseApp;
				SWIFT_OPTIMIZATION_LEVEL = "-Onone";
				SWIFT_VERSION = 5.0;
				VERSIONING_SYSTEM = "apple-generic";
			};
			name = Debug;
		};
		13B07F951A680F5B00A75B9A /* Release */ = {
			isa = XCBuildConfiguration;
			baseConfigurationReference = 5709B34CF0A7D63546082F79 /* Pods-MemberBaseApp.release.xcconfig */;
			buildSettings = {
				ASSETCATALOG_COMPILER_APPICON_NAME = AppIcon;
				CLANG_ENABLE_MODULES = YES;
				CURRENT_PROJECT_VERSION = 1;
				INFOPLIST_FILE = MemberBaseApp/Info.plist;
				IPHONEOS_DEPLOYMENT_TARGET = 15.1;
				LD_RUNPATH_SEARCH_PATHS = (
					"$(inherited)",
					"@executable_path/Frameworks",
				);
				MARKETING_VERSION = 1.0;
				OTHER_LDFLAGS = (
					"$(inherited)",
					"-ObjC",
					"-lc++",
				);
				PRODUCT_BUNDLE_IDENTIFIER = com.closepay.member.base;
				PRODUCT_NAME = MemberBaseApp;
				SWIFT_VERSION = 5.0;
				VERSIONING_SYSTEM = "apple-generic";
			};
			name = Release;
		};
		83CBBA201A601CBA00E9B192 /* Debug */ = {
			isa = XCBuildConfiguration;
			buildSettings = {
				ALWAYS_SEARCH_USER_PATHS = NO;
				CLANG_ANALYZER_LOCALIZABILITY_NONLOCALIZED = YES;
				CLANG_CXX_LANGUAGE_STANDARD = "c++20";
				CLANG_CXX_LIBRARY = "libc++";
				CLANG_ENABLE_MODULES = YES;
				CLANG_ENABLE_OBJC_ARC = YES;
				CLANG_WARN_BLOCK_CAPTURE_AUTORELEASING = YES;
				CLANG_WARN_BOOL_CONVERSION = YES;
				CLANG_WARN_COMMA = YES;
				CLANG_WARN_CONSTANT_CONVERSION = YES;
				CLANG_WARN_DEPRECATED_OBJC_IMPLEMENTATIONS = YES;
				CLANG_WARN_DIRECT_OBJC_ISA_USAGE = YES_ERROR;
				CLANG_WARN_EMPTY_BODY = YES;
				CLANG_WARN_ENUM_CONVERSION = YES;
				CLANG_WARN_INFINITE_RECURSION = YES;
				CLANG_WARN_INT_CONVERSION = YES;
				CLANG_WARN_NON_LITERAL_NULL_CONVERSION = YES;
				CLANG_WARN_OBJC_IMPLICIT_RETAIN_SELF = YES;
				CLANG_WARN_OBJC_LITERAL_CONVERSION = YES;
				CLANG_WARN_OBJC_ROOT_CLASS = YES_ERROR;
				CLANG_WARN_QUOTED_INCLUDE_IN_FRAMEWORK_HEADER = YES;
				CLANG_WARN_RANGE_LOOP_ANALYSIS = YES;
				CLANG_WARN_STRICT_PROTOTYPES = YES;
				CLANG_WARN_SUSPICIOUS_MOVE = YES;
				CLANG_WARN_UNREACHABLE_CODE = YES;
				CLANG_WARN__DUPLICATE_METHOD_MATCH = YES;
				"CODE_SIGN_IDENTITY[sdk=iphoneos*]" = "iPhone Developer";
				COPY_PHASE_STRIP = NO;
				ENABLE_STRICT_OBJC_MSGSEND = YES;
				ENABLE_TESTABILITY = YES;
				"EXCLUDED_ARCHS[sdk=iphonesimulator*]" = "";
				GCC_C_LANGUAGE_STANDARD = gnu99;
				GCC_DYNAMIC_NO_PIC = NO;
				GCC_NO_COMMON_BLOCKS = YES;
				GCC_OPTIMIZATION_LEVEL = 0;
				GCC_PREPROCESSOR_DEFINITIONS = (
					"DEBUG=1",
					"$(inherited)",
				);
				GCC_SYMBOLS_PRIVATE_EXTERN = NO;
				GCC_WARN_64_TO_32_BIT_CONVERSION = YES;
				GCC_WARN_ABOUT_RETURN_TYPE = YES_ERROR;
				GCC_WARN_UNDECLARED_SELECTOR = YES;
				GCC_WARN_UNINITIALIZED_AUTOS = YES_AGGRESSIVE;
				GCC_WARN_UNUSED_FUNCTION = YES;
				GCC_WARN_UNUSED_VARIABLE = YES;
				IPHONEOS_DEPLOYMENT_TARGET = 15.1;
				LD_RUNPATH_SEARCH_PATHS = (
					/usr/lib/swift,
					"$(inherited)",
				);
				LIBRARY_SEARCH_PATHS = (
					"\"$(SDKROOT)/usr/lib/swift\"",
					"\"$(TOOLCHAIN_DIR)/usr/lib/swift/$(PLATFORM_NAME)\"",
					"\"$(inherited)\"",
				);
				MTL_ENABLE_DEBUG_INFO = YES;
				ONLY_ACTIVE_ARCH = YES;
				OTHER_CPLUSPLUSFLAGS = (
					"$(OTHER_CFLAGS)",
					"-DFOLLY_NO_CONFIG",
					"-DFOLLY_MOBILE=1",
					"-DFOLLY_USE_LIBCPP=1",
					"-DFOLLY_CFG_NO_COROUTINES=1",
					"-DFOLLY_HAVE_CLOCK_GETTIME=1",
				);
				REACT_NATIVE_PATH = "${PODS_ROOT}/../../node_modules/react-native";
				SDKROOT = iphoneos;
				SWIFT_ACTIVE_COMPILATION_CONDITIONS = "$(inherited) DEBUG";
				USE_HERMES = true;
			};
			name = Debug;
		};
		83CBBA211A601CBA00E9B192 /* Release */ = {
			isa = XCBuildConfiguration;
			buildSettings = {
				ALWAYS_SEARCH_USER_PATHS = NO;
				CLANG_ANALYZER_LOCALIZABILITY_NONLOCALIZED = YES;
				CLANG_CXX_LANGUAGE_STANDARD = "c++20";
				CLANG_CXX_LIBRARY = "libc++";
				CLANG_ENABLE_MODULES = YES;
				CLANG_ENABLE_OBJC_ARC = YES;
				CLANG_WARN_BLOCK_CAPTURE_AUTORELEASING = YES;
				CLANG_WARN_BOOL_CONVERSION = YES;
				CLANG_WARN_COMMA = YES;
				CLANG_WARN_CONSTANT_CONVERSION = YES;
				CLANG_WARN_DEPRECATED_OBJC_IMPLEMENTATIONS = YES;
				CLANG_WARN_DIRECT_OBJC_ISA_USAGE = YES_ERROR;
				CLANG_WARN_EMPTY_BODY = YES;
				CLANG_WARN_ENUM_CONVERSION = YES;
				CLANG_WARN_INFINITE_RECURSION = YES;
				CLANG_WARN_INT_CONVERSION = YES;
				CLANG_WARN_NON_LITERAL_NULL_CONVERSION = YES;
				CLANG_WARN_OBJC_IMPLICIT_RETAIN_SELF = YES;
				CLANG_WARN_OBJC_LITERAL_CONVERSION = YES;
				CLANG_WARN_OBJC_ROOT_CLASS = YES_ERROR;
				CLANG_WARN_QUOTED_INCLUDE_IN_FRAMEWORK_HEADER = YES;
				CLANG_WARN_RANGE_LOOP_ANALYSIS = YES;
				CLANG_WARN_STRICT_PROTOTYPES = YES;
				CLANG_WARN_SUSPICIOUS_MOVE = YES;
				CLANG_WARN_UNREACHABLE_CODE = YES;
				CLANG_WARN__DUPLICATE_METHOD_MATCH = YES;
				"CODE_SIGN_IDENTITY[sdk=iphoneos*]" = "iPhone Developer";
				COPY_PHASE_STRIP = YES;
				ENABLE_NS_ASSERTIONS = NO;
				ENABLE_STRICT_OBJC_MSGSEND = YES;
				"EXCLUDED_ARCHS[sdk=iphonesimulator*]" = "";
				GCC_C_LANGUAGE_STANDARD = gnu99;
				GCC_NO_COMMON_BLOCKS = YES;
				GCC_WARN_64_TO_32_BIT_CONVERSION = YES;
				GCC_WARN_ABOUT_RETURN_TYPE = YES_ERROR;
				GCC_WARN_UNDECLARED_SELECTOR = YES;
				GCC_WARN_UNINITIALIZED_AUTOS = YES_AGGRESSIVE;
				GCC_WARN_UNUSED_FUNCTION = YES;
				GCC_WARN_UNUSED_VARIABLE = YES;
				IPHONEOS_DEPLOYMENT_TARGET = 15.1;
				LD_RUNPATH_SEARCH_PATHS = (
					/usr/lib/swift,
					"$(inherited)",
				);
				LIBRARY_SEARCH_PATHS = (
					"\"$(SDKROOT)/usr/lib/swift\"",
					"\"$(TOOLCHAIN_DIR)/usr/lib/swift/$(PLATFORM_NAME)\"",
					"\"$(inherited)\"",
				);
				MTL_ENABLE_DEBUG_INFO = NO;
				OTHER_CPLUSPLUSFLAGS = (
					"$(OTHER_CFLAGS)",
					"-DFOLLY_NO_CONFIG",
					"-DFOLLY_MOBILE=1",
					"-DFOLLY_USE_LIBCPP=1",
					"-DFOLLY_CFG_NO_COROUTINES=1",
					"-DFOLLY_HAVE_CLOCK_GETTIME=1",
				);
				REACT_NATIVE_PATH = "${PODS_ROOT}/../../node_modules/react-native";
				SDKROOT = iphoneos;
				USE_HERMES = true;
				VALIDATE_PRODUCT = YES;
			};
			name = Release;
		};
/* End XCBuildConfiguration section */

/* Begin XCConfigurationList section */
		13B07F931A680F5B00A75B9A /* Build configuration list for PBXNativeTarget "MemberBaseApp" */ = {
			isa = XCConfigurationList;
			buildConfigurations = (
				13B07F941A680F5B00A75B9A /* Debug */,
				13B07F951A680F5B00A75B9A /* Release */,
			);
			defaultConfigurationIsVisible = 0;
			defaultConfigurationName = Release;
		};
		83CBB9FA1A601CBA00E9B192 /* Build configuration list for PBXProject "memberBaseApp" */ = {
			isa = XCConfigurationList;
			buildConfigurations = (
				83CBBA201A601CBA00E9B192 /* Debug */,
				83CBBA211A601CBA00E9B192 /* Release */,
			);
			defaultConfigurationIsVisible = 0;
			defaultConfigurationName = Release;
		};
/* End XCConfigurationList section */
	};
	rootObject = 83CBB9F71A601CBA00E9B192 /* Project object */;
}
